
Microsoft Visual Studio Solution File, Format Version 12.00
# Visual Studio 2013
VisualStudioVersion = 12.0.40629.0
MinimumVisualStudioVersion = 10.0.40219.1
Project("{FAE04EC0-301F-11D3-BF4B-00C04F79EFBC}") = "FileIndexer", "FileIndexer.csproj", "{4F6CD716-29F6-4C3D-A8C5-00C0D45EC6E5}"
EndProject
Project("{FAE04EC0-301F-11D3-BF4B-00C04F79EFBC}") = "FileIndexer.Data", "..\FileIndexer.Data\FileIndexer.Data.csproj", "{B1CEEBC8-FDCC-4DC6-9F67-B91F6A8A2D96}"
EndProject
Project("{FAE04EC0-301F-11D3-BF4B-00C04F79EFBC}") = "FileIndexer.WebApp", "FileIndexer.WebApp\FileIndexer.WebApp.csproj", "{6692E9E8-2A41-426A-896C-26285940F4D4}"
EndProject
Project("{FAE04EC0-301F-11D3-BF4B-00C04F79EFBC}") = "FileIndexer.WebApp.Tests", "FileIndexer.WebApp.Tests\FileIndexer.WebApp.Tests.csproj", "{BF8A11CF-0863-4603-9410-B9047D596428}"
EndProject
Project("{FAE04EC0-301F-11D3-BF4B-00C04F79EFBC}") = "ReadingFile.Tests", "..\ReadingFile\ReadingFile.Tests.csproj", "{21723AD8-10D2-4479-A5D4-3B01B08D3DC3}"
EndProject
Project("{FAE04EC0-301F-11D3-BF4B-00C04F79EFBC}") = "ReadingFile", "ReadingFile\ReadingFile.csproj", "{65C80D1D-DFD9-471C-9E7B-AA6915CC7F45}"
EndProject
Global
	GlobalSection(SolutionConfigurationPlatforms) = preSolution
		Debug|Any CPU = Debug|Any CPU
		Release|Any CPU = Release|Any CPU
	EndGlobalSection
	GlobalSection(ProjectConfigurationPlatforms) = postSolution
		{4F6CD716-29F6-4C3D-A8C5-00C0D45EC6E5}.Debug|Any CPU.ActiveCfg = Debug|Any CPU
		{4F6CD716-29F6-4C3D-A8C5-00C0D45EC6E5}.Debug|Any CPU.Build.0 = Debug|Any CPU
		{4F6CD716-29F6-4C3D-A8C5-00C0D45EC6E5}.Release|Any CPU.ActiveCfg = Release|Any CPU
		{4F6CD716-29F6-4C3D-A8C5-00C0D45EC6E5}.Release|Any CPU.Build.0 = Release|Any CPU
		{B1CEEBC8-FDCC-4DC6-9F67-B91F6A8A2D96}.Debug|Any CPU.ActiveCfg = Debug|Any CPU
		{B1CEEBC8-FDCC-4DC6-9F67-B91F6A8A2D96}.Debug|Any CPU.Build.0 = Debug|Any CPU
		{B1CEEBC8-FDCC-4DC6-9F67-B91F6A8A2D96}.Release|Any CPU.ActiveCfg = Release|Any CPU
		{B1CEEBC8-FDCC-4DC6-9F67-B91F6A8A2D96}.Release|Any CPU.Build.0 = Release|Any CPU
		{6692E9E8-2A41-426A-896C-26285940F4D4}.Debug|Any CPU.ActiveCfg = Debug|Any CPU
		{6692E9E8-2A41-426A-896C-26285940F4D4}.Debug|Any CPU.Build.0 = Debug|Any CPU
		{6692E9E8-2A41-426A-896C-26285940F4D4}.Release|Any CPU.ActiveCfg = Release|Any CPU
		{6692E9E8-2A41-426A-896C-26285940F4D4}.Release|Any CPU.Build.0 = Release|Any CPU
		{BF8A11CF-0863-4603-9410-B9047D596428}.Debug|Any CPU.ActiveCfg = Debug|Any CPU
		{BF8A11CF-0863-4603-9410-B9047D596428}.Debug|Any CPU.Build.0 = Debug|Any CPU
		{BF8A11CF-0863-4603-9410-B9047D596428}.Release|Any CPU.ActiveCfg = Release|Any CPU
		{BF8A11CF-0863-4603-9410-B9047D596428}.Release|Any CPU.Build.0 = Release|Any CPU
		{21723AD8-10D2-4479-A5D4-3B01B08D3DC3}.Debug|Any CPU.ActiveCfg = Debug|Any CPU
		{21723AD8-10D2-4479-A5D4-3B01B08D3DC3}.Debug|Any CPU.Build.0 = Debug|Any CPU
		{21723AD8-10D2-4479-A5D4-3B01B08D3DC3}.Release|Any CPU.ActiveCfg = Release|Any CPU
		{21723AD8-10D2-4479-A5D4-3B01B08D3DC3}.Release|Any CPU.Build.0 = Release|Any CPU
		{65C80D1D-DFD9-471C-9E7B-AA6915CC7F45}.Debug|Any CPU.ActiveCfg = Debug|Any CPU
		{65C80D1D-DFD9-471C-9E7B-AA6915CC7F45}.Debug|Any CPU.Build.0 = Debug|Any CPU
		{65C80D1D-DFD9-471C-9E7B-AA6915CC7F45}.Release|Any CPU.ActiveCfg = Release|Any CPU
		{65C80D1D-DFD9-471C-9E7B-AA6915CC7F45}.Release|Any CPU.Build.0 = Release|Any CPU
	EndGlobalSection
	GlobalSection(SolutionProperties) = preSolution
		HideSolutionNode = FALSE
	EndGlobalSection
	GlobalSection(ExtensibilityGlobals) = postSolution
		EnterpriseLibraryConfigurationToolBinariesPath = packages\Unity.2.1.505.0\lib\NET35
	EndGlobalSection
EndGlobal
